
Microsoft Visual Studio Solution File, Format Version 12.00
# Visual Studio Version 17
VisualStudioVersion = 17.7.34031.279
MinimumVisualStudioVersion = 10.0.40219.1
Project("{9A19103F-16F7-4668-BE54-9A1E7A4F7556}") = "TodoListApp", "TodoListApp\TodoListApp.csproj", "{2CB52E7E-4CE9-43D5-800F-4284D067DAEA}"
EndProject
Global
	GlobalSection(SolutionConfigurationPlatforms) = preSolution
		Debug|Any CPU = Debug|Any CPU
		Release|Any CPU = Release|Any CPU
	EndGlobalSection
	GlobalSection(ProjectConfigurationPlatforms) = postSolution
		{2CB52E7E-4CE9-43D5-800F-4284D067DAEA}.Debug|Any CPU.ActiveCfg = Debug|Any CPU
		{2CB52E7E-4CE9-43D5-800F-4284D067DAEA}.Debug|Any CPU.Build.0 = Debug|Any CPU
		{2CB52E7E-4CE9-43D5-800F-4284D067DAEA}.Release|Any CPU.ActiveCfg = Release|Any CPU
		{2CB52E7E-4CE9-43D5-800F-4284D067DAEA}.Release|Any CPU.Build.0 = Release|Any CPU
	EndGlobalSection
	GlobalSection(SolutionProperties) = preSolution
		HideSolutionNode = FALSE
	EndGlobalSection
	GlobalSection(ExtensibilityGlobals) = postSolution
		SolutionGuid = {98613676-AD14-478F-A94F-4C6A7D71D127}
	EndGlobalSection
EndGlobal
